
Microsoft Visual Studio Solution File, Format Version 12.00
# Visual Studio Version 17
VisualStudioVersion = 17.10.34707.107
MinimumVisualStudioVersion = 10.0.40219.1
Project("{9A19103F-16F7-4668-BE54-9A1E7A4F7556}") = "BlazorApp", "BlazorApp\BlazorApp.csproj", "{2D85A904-E670-4DDA-BFC0-E3E77A67205C}"
EndProject
Global
	GlobalSection(SolutionConfigurationPlatforms) = preSolution
		Debug|Any CPU = Debug|Any CPU
		Release|Any CPU = Release|Any CPU
	EndGlobalSection
	GlobalSection(ProjectConfigurationPlatforms) = postSolution
		{2D85A904-E670-4DDA-BFC0-E3E77A67205C}.Debug|Any CPU.ActiveCfg = Debug|Any CPU
		{2D85A904-E670-4DDA-BFC0-E3E77A67205C}.Debug|Any CPU.Build.0 = Debug|Any CPU
		{2D85A904-E670-4DDA-BFC0-E3E77A67205C}.Release|Any CPU.ActiveCfg = Release|Any CPU
		{2D85A904-E670-4DDA-BFC0-E3E77A67205C}.Release|Any CPU.Build.0 = Release|Any CPU
	EndGlobalSection
	GlobalSection(SolutionProperties) = preSolution
		HideSolutionNode = FALSE
	EndGlobalSection
	GlobalSection(ExtensibilityGlobals) = postSolution
		SolutionGuid = {2EE281CC-556E-4A3E-991C-D99A22E3777D}
	EndGlobalSection
EndGlobal
